{
  "name": "Frontend",
  "lockfileVersion": 3,
  "requires": true,
  "packages": {
    "": {
      "dependencies": {
        "@azure/msal-browser": "^2.35.0"
      }
    },
    "node_modules/@azure/msal-browser": {
      "version": "2.35.0",
      "resolved": "https://registry.npmjs.org/@azure/msal-browser/-/msal-browser-2.35.0.tgz",
      "integrity": "sha512-L+gSBbJfU3H81Bnj+VIVjO7jRpt2Ex+4i2YVOPE50ykfQ5W9mtBFMRCHb1K+8FzTeyQH/KkQv6bC+MdaU+3LEw==",
      "dependencies": {
        "@azure/msal-common": "^12.0.0"
      },
      "engines": {
        "node": ">=0.8.0"
      }
    },
    "node_modules/@azure/msal-common": {
      "version": "12.0.0",
      "resolved": "https://registry.npmjs.org/@azure/msal-common/-/msal-common-12.0.0.tgz",
      "integrity": "sha512-SvQl4JWy1yZnxyq0xng/urf103wz68UJG0K9Dq2NM2to7ePA+R1hMisKnXELJvZrEGYANGbh/Hc0T9piGqOteQ==",
      "engines": {
        "node": ">=0.8.0"
      }
    }
  }
}
